// !$*UTF8*$!
{
	archiveVersion = 1;
	classes = {
	};
	objectVersion = 46;
	objects = {

/* Begin PBXBuildFile section */
		FE16321D1ADEE65500A2CFD0 /* main.m in Sources */ = {isa = PBXBuildFile; fileRef = FE16321C1ADEE65500A2CFD0 /* main.m */; };
		FE1632201ADEE65500A2CFD0 /* AppDelegate.m in Sources */ = {isa = PBXBuildFile; fileRef = FE16321F1ADEE65500A2CFD0 /* AppDelegate.m */; };
		FE1632231ADEE65500A2CFD0 /* ViewController.m in Sources */ = {isa = PBXBuildFile; fileRef = FE1632221ADEE65500A2CFD0 /* ViewController.m */; };
		FE1632261ADEE65500A2CFD0 /* Main.storyboard in Resources */ = {isa = PBXBuildFile; fileRef = FE1632241ADEE65500A2CFD0 /* Main.storyboard */; };
		FE1632281ADEE65500A2CFD0 /* Images.xcassets in Resources */ = {isa = PBXBuildFile; fileRef = FE1632271ADEE65500A2CFD0 /* Images.xcassets */; };
		FE16322B1ADEE65500A2CFD0 /* LaunchScreen.xib in Resources */ = {isa = PBXBuildFile; fileRef = FE1632291ADEE65500A2CFD0 /* LaunchScreen.xib */; };
		FE1632371ADEE65500A2CFD0 /* RippleTests.m in Sources */ = {isa = PBXBuildFile; fileRef = FE1632361ADEE65500A2CFD0 /* RippleTests.m */; };
/* End PBXBuildFile section */

/* Begin PBXContainerItemProxy section */
		FE1632311ADEE65500A2CFD0 /* PBXContainerItemProxy */ = {
			isa = PBXContainerItemProxy;
			containerPortal = FE16320F1ADEE65500A2CFD0 /* Project object */;
			proxyType = 1;
			remoteGlobalIDString = FE1632161ADEE65500A2CFD0;
			remoteInfo = Ripple;
		};
/* End PBXContainerItemProxy section */

/* Begin PBXFileReference section */
		FE1632171ADEE65500A2CFD0 /* Ripple.app */ = {isa = PBXFileReference; explicitFileType = wrapper.application; includeInIndex = 0; path = Ripple.app; sourceTree = BUILT_PRODUCTS_DIR; };
		FE16321B1ADEE65500A2CFD0 /* Info.plist */ = {isa = PBXFileReference; lastKnownFileType = text.plist.xml; path = Info.plist; sourceTree = "<group>"; };
		FE16321C1ADEE65500A2CFD0 /* main.m */ = {isa = PBXFileReference; lastKnownFileType = sourcecode.c.objc; path = main.m; sourceTree = "<group>"; };
		FE16321E1ADEE65500A2CFD0 /* AppDelegate.h */ = {isa = PBXFileReference; lastKnownFileType = sourcecode.c.h; path = AppDelegate.h; sourceTree = "<group>"; };
		FE16321F1ADEE65500A2CFD0 /* AppDelegate.m */ = {isa = PBXFileReference; lastKnownFileType = sourcecode.c.objc; path = AppDelegate.m; sourceTree = "<group>"; };
		FE1632211ADEE65500A2CFD0 /* ViewController.h */ = {isa = PBXFileReference; lastKnownFileType = sourcecode.c.h; path = ViewController.h; sourceTree = "<group>"; };
		FE1632221ADEE65500A2CFD0 /* ViewController.m */ = {isa = PBXFileReference; lastKnownFileType = sourcecode.c.objc; path = ViewController.m; sourceTree = "<group>"; };
		FE1632251ADEE65500A2CFD0 /* Base */ = {isa = PBXFileReference; lastKnownFileType = file.storyboard; name = Base; path = Base.lproj/Main.storyboard; sourceTree = "<group>"; };
		FE1632271ADEE65500A2CFD0 /* Images.xcassets */ = {isa = PBXFileReference; lastKnownFileType = folder.assetcatalog; path = Images.xcassets; sourceTree = "<group>"; };
		FE16322A1ADEE65500A2CFD0 /* Base */ = {isa = PBXFileReference; lastKnownFileType = file.xib; name = Base; path = Base.lproj/LaunchScreen.xib; sourceTree = "<group>"; };
		FE1632301ADEE65500A2CFD0 /* RippleTests.xctest */ = {isa = PBXFileReference; explicitFileType = wrapper.cfbundle; includeInIndex = 0; path = RippleTests.xctest; sourceTree = BUILT_PRODUCTS_DIR; };
		FE1632351ADEE65500A2CFD0 /* Info.plist */ = {isa = PBXFileReference; lastKnownFileType = text.plist.xml; path = Info.plist; sourceTree = "<group>"; };
		FE1632361ADEE65500A2CFD0 /* RippleTests.m */ = {isa = PBXFileReference; lastKnownFileType = sourcecode.c.objc; path = RippleTests.m; sourceTree = "<group>"; };
/* End PBXFileReference section */

/* Begin PBXFrameworksBuildPhase section */
		FE1632141ADEE65500A2CFD0 /* Frameworks */ = {
			isa = PBXFrameworksBuildPhase;
			buildActionMask = 2147483647;
			files = (
			);
			runOnlyForDeploymentPostprocessing = 0;
		};
		FE16322D1ADEE65500A2CFD0 /* Frameworks */ = {
			isa = PBXFrameworksBuildPhase;
			buildActionMask = 2147483647;
			files = (
			);
			runOnlyForDeploymentPostprocessing = 0;
		};
/* End PBXFrameworksBuildPhase section */

/* Begin PBXGroup section */
		FE16320E1ADEE65500A2CFD0 = {
			isa = PBXGroup;
			children = (
				FE1632191ADEE65500A2CFD0 /* Ripple */,
				FE1632331ADEE65500A2CFD0 /* RippleTests */,
				FE1632181ADEE65500A2CFD0 /* Products */,
			);
			sourceTree = "<group>";
		};
		FE1632181ADEE65500A2CFD0 /* Products */ = {
			isa = PBXGroup;
			children = (
				FE1632171ADEE65500A2CFD0 /* Ripple.app */,
				FE1632301ADEE65500A2CFD0 /* RippleTests.xctest */,
			);
			name = Products;
			sourceTree = "<group>";
		};
		FE1632191ADEE65500A2CFD0 /* Ripple */ = {
			isa = PBXGroup;
			children = (
				FE16321E1ADEE65500A2CFD0 /* AppDelegate.h */,
				FE16321F1ADEE65500A2CFD0 /* AppDelegate.m */,
				FE1632211ADEE65500A2CFD0 /* ViewController.h */,
				FE1632221ADEE65500A2CFD0 /* ViewController.m */,
				FE1632241ADEE65500A2CFD0 /* Main.storyboard */,
				FE1632271ADEE65500A2CFD0 /* Images.xcassets */,
				FE1632291ADEE65500A2CFD0 /* LaunchScreen.xib */,
				FE16321A1ADEE65500A2CFD0 /* Supporting Files */,
			);
			path = Ripple;
			sourceTree = "<group>";
		};
		FE16321A1ADEE65500A2CFD0 /* Supporting Files */ = {
			isa = PBXGroup;
			children = (
				FE16321B1ADEE65500A2CFD0 /* Info.plist */,
				FE16321C1ADEE65500A2CFD0 /* main.m */,
			);
			name = "Supporting Files";
			sourceTree = "<group>";
		};
		FE1632331ADEE65500A2CFD0 /* RippleTests */ = {
			isa = PBXGroup;
			children = (
				FE1632361ADEE65500A2CFD0 /* RippleTests.m */,
				FE1632341ADEE65500A2CFD0 /* Supporting Files */,
			);
			path = RippleTests;
			sourceTree = "<group>";
		};
		FE1632341ADEE65500A2CFD0 /* Supporting Files */ = {
			isa = PBXGroup;
			children = (
				FE1632351ADEE65500A2CFD0 /* Info.plist */,
			);
			name = "Supporting Files";
			sourceTree = "<group>";
		};
/* End PBXGroup section */

/* Begin PBXNativeTarget section */
		FE1632161ADEE65500A2CFD0 /* Ripple */ = {
			isa = PBXNativeTarget;
			buildConfigurationList = FE16323A1ADEE65500A2CFD0 /* Build configuration list for PBXNativeTarget "Ripple" */;
			buildPhases = (
				FE1632131ADEE65500A2CFD0 /* Sources */,
				FE1632141ADEE65500A2CFD0 /* Frameworks */,
				FE1632151ADEE65500A2CFD0 /* Resources */,
			);
			buildRules = (
			);
			dependencies = (
			);
			name = Ripple;
			productName = Ripple;
			productReference = FE1632171ADEE65500A2CFD0 /* Ripple.app */;
			productType = "com.apple.product-type.application";
		};
		FE16322F1ADEE65500A2CFD0 /* RippleTests */ = {
			isa = PBXNativeTarget;
			buildConfigurationList = FE16323D1ADEE65500A2CFD0 /* Build configuration list for PBXNativeTarget "RippleTests" */;
			buildPhases = (
				FE16322C1ADEE65500A2CFD0 /* Sources */,
				FE16322D1ADEE65500A2CFD0 /* Frameworks */,
				FE16322E1ADEE65500A2CFD0 /* Resources */,
			);
			buildRules = (
			);
			dependencies = (
				FE1632321ADEE65500A2CFD0 /* PBXTargetDependency */,
			);
			name = RippleTests;
			productName = RippleTests;
			productReference = FE1632301ADEE65500A2CFD0 /* RippleTests.xctest */;
			productType = "com.apple.product-type.bundle.unit-test";
		};
/* End PBXNativeTarget section */

/* Begin PBXProject section */
		FE16320F1ADEE65500A2CFD0 /* Project object */ = {
			isa = PBXProject;
			attributes = {
				LastUpgradeCheck = 0630;
				ORGANIZATIONNAME = "Gooey Dee Bee";
				TargetAttributes = {
					FE1632161ADEE65500A2CFD0 = {
						CreatedOnToolsVersion = 6.3;
					};
					FE16322F1ADEE65500A2CFD0 = {
						CreatedOnToolsVersion = 6.3;
						TestTargetID = FE1632161ADEE65500A2CFD0;
					};
				};
			};
			buildConfigurationList = FE1632121ADEE65500A2CFD0 /* Build configuration list for PBXProject "Ripple" */;
			compatibilityVersion = "Xcode 3.2";
			developmentRegion = English;
			hasScannedForEncodings = 0;
			knownRegions = (
				en,
				Base,
			);
			mainGroup = FE16320E1ADEE65500A2CFD0;
			productRefGroup = FE1632181ADEE65500A2CFD0 /* Products */;
			projectDirPath = "";
			projectRoot = "";
			targets = (
				FE1632161ADEE65500A2CFD0 /* Ripple */,
				FE16322F1ADEE65500A2CFD0 /* RippleTests */,
			);
		};
/* End PBXProject section */

/* Begin PBXResourcesBuildPhase section */
		FE1632151ADEE65500A2CFD0 /* Resources */ = {
			isa = PBXResourcesBuildPhase;
			buildActionMask = 2147483647;
			files = (
				FE1632261ADEE65500A2CFD0 /* Main.storyboard in Resources */,
				FE16322B1ADEE65500A2CFD0 /* LaunchScreen.xib in Resources */,
				FE1632281ADEE65500A2CFD0 /* Images.xcassets in Resources */,
			);
			runOnlyForDeploymentPostprocessing = 0;
		};
		FE16322E1ADEE65500A2CFD0 /* Resources */ = {
			isa = PBXResourcesBuildPhase;
			buildActionMask = 2147483647;
			files = (
			);
			runOnlyForDeploymentPostprocessing = 0;
		};
/* End PBXResourcesBuildPhase section */

/* Begin PBXSourcesBuildPhase section */
		FE1632131ADEE65500A2CFD0 /* Sources */ = {
			isa = PBXSourcesBuildPhase;
			buildActionMask = 2147483647;
			files = (
				FE1632231ADEE65500A2CFD0 /* ViewController.m in Sources */,
				FE1632201ADEE65500A2CFD0 /* AppDelegate.m in Sources */,
				FE16321D1ADEE65500A2CFD0 /* main.m in Sources */,
			);
			runOnlyForDeploymentPostprocessing = 0;
		};
		FE16322C1ADEE65500A2CFD0 /* Sources */ = {
			isa = PBXSourcesBuildPhase;
			buildActionMask = 2147483647;
			files = (
				FE1632371ADEE65500A2CFD0 /* RippleTests.m in Sources */,
			);
			runOnlyForDeploymentPostprocessing = 0;
		};
/* End PBXSourcesBuildPhase section */

/* Begin PBXTargetDependency section */
		FE1632321ADEE65500A2CFD0 /* PBXTargetDependency */ = {
			isa = PBXTargetDependency;
			target = FE1632161ADEE65500A2CFD0 /* Ripple */;
			targetProxy = FE1632311ADEE65500A2CFD0 /* PBXContainerItemProxy */;
		};
/* End PBXTargetDependency section */

/* Begin PBXVariantGroup section */
		FE1632241ADEE65500A2CFD0 /* Main.storyboard */ = {
			isa = PBXVariantGroup;
			children = (
				FE1632251ADEE65500A2CFD0 /* Base */,
			);
			name = Main.storyboard;
			sourceTree = "<group>";
		};
		FE1632291ADEE65500A2CFD0 /* LaunchScreen.xib */ = {
			isa = PBXVariantGroup;
			children = (
				FE16322A1ADEE65500A2CFD0 /* Base */,
			);
			name = LaunchScreen.xib;
			sourceTree = "<group>";
		};
/* End PBXVariantGroup section */

/* Begin XCBuildConfiguration section */
		FE1632381ADEE65500A2CFD0 /* Debug */ = {
			isa = XCBuildConfiguration;
			buildSettings = {
				ALWAYS_SEARCH_USER_PATHS = NO;
				CLANG_CXX_LANGUAGE_STANDARD = "gnu++0x";
				CLANG_CXX_LIBRARY = "libc++";
				CLANG_ENABLE_MODULES = YES;
				CLANG_ENABLE_OBJC_ARC = YES;
				CLANG_WARN_BOOL_CONVERSION = YES;
				CLANG_WARN_CONSTANT_CONVERSION = YES;
				CLANG_WARN_DIRECT_OBJC_ISA_USAGE = YES_ERROR;
				CLANG_WARN_EMPTY_BODY = YES;
				CLANG_WARN_ENUM_CONVERSION = YES;
				CLANG_WARN_INT_CONVERSION = YES;
				CLANG_WARN_OBJC_ROOT_CLASS = YES_ERROR;
				CLANG_WARN_UNREACHABLE_CODE = YES;
				CLANG_WARN__DUPLICATE_METHOD_MATCH = YES;
				"CODE_SIGN_IDENTITY[sdk=iphoneos*]" = "iPhone Developer";
				COPY_PHASE_STRIP = NO;
				DEBUG_INFORMATION_FORMAT = "dwarf-with-dsym";
				ENABLE_STRICT_OBJC_MSGSEND = YES;
				GCC_C_LANGUAGE_STANDARD = gnu99;
				GCC_DYNAMIC_NO_PIC = NO;
				GCC_NO_COMMON_BLOCKS = YES;
				GCC_OPTIMIZATION_LEVEL = 0;
				GCC_PREPROCESSOR_DEFINITIONS = (
					"DEBUG=1",
					"$(inherited)",
				);
				GCC_SYMBOLS_PRIVATE_EXTERN = NO;
				GCC_WARN_64_TO_32_BIT_CONVERSION = YES;
				GCC_WARN_ABOUT_RETURN_TYPE = YES_ERROR;
				GCC_WARN_UNDECLARED_SELECTOR = YES;
				GCC_WARN_UNINITIALIZED_AUTOS = YES_AGGRESSIVE;
				GCC_WARN_UNUSED_FUNCTION = YES;
				GCC_WARN_UNUSED_VARIABLE = YES;
				IPHONEOS_DEPLOYMENT_TARGET = 8.3;
				MTL_ENABLE_DEBUG_INFO = YES;
				ONLY_ACTIVE_ARCH = YES;
				SDKROOT = iphoneos;
			};
			name = Debug;
		};
		FE1632391ADEE65500A2CFD0 /* Release */ = {
			isa = XCBuildConfiguration;
			buildSettings = {
				ALWAYS_SEARCH_USER_PATHS = NO;
				CLANG_CXX_LANGUAGE_STANDARD = "gnu++0x";
				CLANG_CXX_LIBRARY = "libc++";
				CLANG_ENABLE_MODULES = YES;
				CLANG_ENABLE_OBJC_ARC = YES;
				CLANG_WARN_BOOL_CONVERSION = YES;
				CLANG_WARN_CONSTANT_CONVERSION = YES;
				CLANG_WARN_DIRECT_OBJC_ISA_USAGE = YES_ERROR;
				CLANG_WARN_EMPTY_BODY = YES;
				CLANG_WARN_ENUM_CONVERSION = YES;
				CLANG_WARN_INT_CONVERSION = YES;
				CLANG_WARN_OBJC_ROOT_CLASS = YES_ERROR;
				CLANG_WARN_UNREACHABLE_CODE = YES;
				CLANG_WARN__DUPLICATE_METHOD_MATCH = YES;
				"CODE_SIGN_IDENTITY[sdk=iphoneos*]" = "iPhone Developer";
				COPY_PHASE_STRIP = NO;
				DEBUG_INFORMATION_FORMAT = "dwarf-with-dsym";
				ENABLE_NS_ASSERTIONS = NO;
				ENABLE_STRICT_OBJC_MSGSEND = YES;
				GCC_C_LANGUAGE_STANDARD = gnu99;
				GCC_NO_COMMON_BLOCKS = YES;
				GCC_WARN_64_TO_32_BIT_CONVERSION = YES;
				GCC_WARN_ABOUT_RETURN_TYPE = YES_ERROR;
				GCC_WARN_UNDECLARED_SELECTOR = YES;
				GCC_WARN_UNINITIALIZED_AUTOS = YES_AGGRESSIVE;
				GCC_WARN_UNUSED_FUNCTION = YES;
				GCC_WARN_UNUSED_VARIABLE = YES;
				IPHONEOS_DEPLOYMENT_TARGET = 8.3;
				MTL_ENABLE_DEBUG_INFO = NO;
				SDKROOT = iphoneos;
				VALIDATE_PRODUCT = YES;
			};
			name = Release;
		};
		FE16323B1ADEE65500A2CFD0 /* Debug */ = {
			isa = XCBuildConfiguration;
			buildSettings = {
				ASSETCATALOG_COMPILER_APPICON_NAME = AppIcon;
				INFOPLIST_FILE = Ripple/Info.plist;
				LD_RUNPATH_SEARCH_PATHS = "$(inherited) @executable_path/Frameworks";
				PRODUCT_NAME = "$(TARGET_NAME)";
			};
			name = Debug;
		};
		FE16323C1ADEE65500A2CFD0 /* Release */ = {
			isa = XCBuildConfiguration;
			buildSettings = {
				ASSETCATALOG_COMPILER_APPICON_NAME = AppIcon;
				INFOPLIST_FILE = Ripple/Info.plist;
				LD_RUNPATH_SEARCH_PATHS = "$(inherited) @executable_path/Frameworks";
				PRODUCT_NAME = "$(TARGET_NAME)";
			};
			name = Release;
		};
		FE16323E1ADEE65500A2CFD0 /* Debug */ = {
			isa = XCBuildConfiguration;
			buildSettings = {
				BUNDLE_LOADER = "$(TEST_HOST)";
				FRAMEWORK_SEARCH_PATHS = (
					"$(SDKROOT)/Developer/Library/Frameworks",
					"$(inherited)",
				);
				GCC_PREPROCESSOR_DEFINITIONS = (
					"DEBUG=1",
					"$(inherited)",
				);
				INFOPLIST_FILE = RippleTests/Info.plist;
				LD_RUNPATH_SEARCH_PATHS = "$(inherited) @executable_path/Frameworks @loader_path/Frameworks";
				PRODUCT_NAME = "$(TARGET_NAME)";
				TEST_HOST = "$(BUILT_PRODUCTS_DIR)/Ripple.app/Ripple";
			};
			name = Debug;
		};
		FE16323F1ADEE65500A2CFD0 /* Release */ = {
			isa = XCBuildConfiguration;
			buildSettings = {
				BUNDLE_LOADER = "$(TEST_HOST)";
				FRAMEWORK_SEARCH_PATHS = (
					"$(SDKROOT)/Developer/Library/Frameworks",
					"$(inherited)",
				);
				INFOPLIST_FILE = RippleTests/Info.plist;
				LD_RUNPATH_SEARCH_PATHS = "$(inherited) @executable_path/Frameworks @loader_path/Frameworks";
				PRODUCT_NAME = "$(TARGET_NAME)";
				TEST_HOST = "$(BUILT_PRODUCTS_DIR)/Ripple.app/Ripple";
			};
			name = Release;
		};
/* End XCBuildConfiguration section */

/* Begin XCConfigurationList section */
		FE1632121ADEE65500A2CFD0 /* Build configuration list for PBXProject "Ripple" */ = {
			isa = XCConfigurationList;
			buildConfigurations = (
				FE1632381ADEE65500A2CFD0 /* Debug */,
				FE1632391ADEE65500A2CFD0 /* Release */,
			);
			defaultConfigurationIsVisible = 0;
			defaultConfigurationName = Release;
		};
		FE16323A1ADEE65500A2CFD0 /* Build configuration list for PBXNativeTarget "Ripple" */ = {
			isa = XCConfigurationList;
			buildConfigurations = (
				FE16323B1ADEE65500A2CFD0 /* Debug */,
				FE16323C1ADEE65500A2CFD0 /* Release */,
			);
			defaultConfigurationIsVisible = 0;
		};
		FE16323D1ADEE65500A2CFD0 /* Build configuration list for PBXNativeTarget "RippleTests" */ = {
			isa = XCConfigurationList;
			buildConfigurations = (
				FE16323E1ADEE65500A2CFD0 /* Debug */,
				FE16323F1ADEE65500A2CFD0 /* Release */,
			);
			defaultConfigurationIsVisible = 0;
		};
/* End XCConfigurationList section */
	};
	rootObject = FE16320F1ADEE65500A2CFD0 /* Project object */;
}
